
Microsoft Visual Studio Solution File, Format Version 12.00
# Visual Studio 15
VisualStudioVersion = 15.0.28010.0
MinimumVisualStudioVersion = 10.0.40219.1
Project("{FAE04EC0-301F-11D3-BF4B-00C04F79EFBC}") = "PrepareForPA", "PrepareForPA\PrepareForPA.csproj", "{015137B2-5ED5-4369-A277-08E59187814B}"
EndProject
Project("{FAE04EC0-301F-11D3-BF4B-00C04F79EFBC}") = "OtherProject", "OtherProject\OtherProject.csproj", "{14E91672-D7D2-4632-8355-D1D74DCED9FA}"
EndProject
Global
	GlobalSection(SolutionConfigurationPlatforms) = preSolution
		Debug|Any CPU = Debug|Any CPU
		Release|Any CPU = Release|Any CPU
	EndGlobalSection
	GlobalSection(ProjectConfigurationPlatforms) = postSolution
		{015137B2-5ED5-4369-A277-08E59187814B}.Debug|Any CPU.ActiveCfg = Debug|Any CPU
		{015137B2-5ED5-4369-A277-08E59187814B}.Debug|Any CPU.Build.0 = Debug|Any CPU
		{015137B2-5ED5-4369-A277-08E59187814B}.Release|Any CPU.ActiveCfg = Release|Any CPU
		{015137B2-5ED5-4369-A277-08E59187814B}.Release|Any CPU.Build.0 = Release|Any CPU
		{14E91672-D7D2-4632-8355-D1D74DCED9FA}.Debug|Any CPU.ActiveCfg = Debug|Any CPU
		{14E91672-D7D2-4632-8355-D1D74DCED9FA}.Debug|Any CPU.Build.0 = Debug|Any CPU
		{14E91672-D7D2-4632-8355-D1D74DCED9FA}.Release|Any CPU.ActiveCfg = Release|Any CPU
		{14E91672-D7D2-4632-8355-D1D74DCED9FA}.Release|Any CPU.Build.0 = Release|Any CPU
	EndGlobalSection
	GlobalSection(SolutionProperties) = preSolution
		HideSolutionNode = FALSE
	EndGlobalSection
	GlobalSection(ExtensibilityGlobals) = postSolution
		SolutionGuid = {B90CEC77-8962-48D4-9C41-7334D795BA48}
	EndGlobalSection
EndGlobal
