
Microsoft Visual Studio Solution File, Format Version 12.00
# Visual Studio 15
VisualStudioVersion = 15.0.28010.2048
MinimumVisualStudioVersion = 10.0.40219.1
Project("{FAE04EC0-301F-11D3-BF4B-00C04F79EFBC}") = "SamuraiApp.Domain", "SamuraiPaa.Domain\SamuraiApp.Domain.csproj", "{3D1F8829-13FA-434D-ABA2-7066513A50FC}"
EndProject
Project("{FAE04EC0-301F-11D3-BF4B-00C04F79EFBC}") = "SamuraiApp.Data", "SamuraiApp.Data\SamuraiApp.Data.csproj", "{64633739-F89B-4ED1-9BDE-58C1BD408789}"
EndProject
Project("{FAE04EC0-301F-11D3-BF4B-00C04F79EFBC}") = "SomeUI", "SomeUI\SomeUI.csproj", "{48155CAD-6DF6-4C33-932D-D2BB68A8F911}"
EndProject
Global
	GlobalSection(SolutionConfigurationPlatforms) = preSolution
		Debug|Any CPU = Debug|Any CPU
		Release|Any CPU = Release|Any CPU
	EndGlobalSection
	GlobalSection(ProjectConfigurationPlatforms) = postSolution
		{3D1F8829-13FA-434D-ABA2-7066513A50FC}.Debug|Any CPU.ActiveCfg = Debug|Any CPU
		{3D1F8829-13FA-434D-ABA2-7066513A50FC}.Debug|Any CPU.Build.0 = Debug|Any CPU
		{3D1F8829-13FA-434D-ABA2-7066513A50FC}.Release|Any CPU.ActiveCfg = Release|Any CPU
		{3D1F8829-13FA-434D-ABA2-7066513A50FC}.Release|Any CPU.Build.0 = Release|Any CPU
		{64633739-F89B-4ED1-9BDE-58C1BD408789}.Debug|Any CPU.ActiveCfg = Debug|Any CPU
		{64633739-F89B-4ED1-9BDE-58C1BD408789}.Debug|Any CPU.Build.0 = Debug|Any CPU
		{64633739-F89B-4ED1-9BDE-58C1BD408789}.Release|Any CPU.ActiveCfg = Release|Any CPU
		{64633739-F89B-4ED1-9BDE-58C1BD408789}.Release|Any CPU.Build.0 = Release|Any CPU
		{48155CAD-6DF6-4C33-932D-D2BB68A8F911}.Debug|Any CPU.ActiveCfg = Debug|Any CPU
		{48155CAD-6DF6-4C33-932D-D2BB68A8F911}.Debug|Any CPU.Build.0 = Debug|Any CPU
		{48155CAD-6DF6-4C33-932D-D2BB68A8F911}.Release|Any CPU.ActiveCfg = Release|Any CPU
		{48155CAD-6DF6-4C33-932D-D2BB68A8F911}.Release|Any CPU.Build.0 = Release|Any CPU
	EndGlobalSection
	GlobalSection(SolutionProperties) = preSolution
		HideSolutionNode = FALSE
	EndGlobalSection
	GlobalSection(ExtensibilityGlobals) = postSolution
		SolutionGuid = {F2E31985-520E-4EED-B8B6-EA66E1955AAC}
	EndGlobalSection
EndGlobal
