
Microsoft Visual Studio Solution File, Format Version 12.00
# Visual Studio 15
VisualStudioVersion = 15.0.28010.0
MinimumVisualStudioVersion = 10.0.40219.1
Project("{FAE04EC0-301F-11D3-BF4B-00C04F79EFBC}") = "Bank", "Bank\Bank.csproj", "{572FD846-2393-4299-8F30-AA25ACCFED45}"
EndProject
Project("{FAE04EC0-301F-11D3-BF4B-00C04F79EFBC}") = "BankTests", "BankTests\BankTests.csproj", "{8B81AEC5-1E5D-4D43-A783-73EB0D20F685}"
EndProject
Global
	GlobalSection(SolutionConfigurationPlatforms) = preSolution
		Debug|Any CPU = Debug|Any CPU
		Release|Any CPU = Release|Any CPU
	EndGlobalSection
	GlobalSection(ProjectConfigurationPlatforms) = postSolution
		{572FD846-2393-4299-8F30-AA25ACCFED45}.Debug|Any CPU.ActiveCfg = Debug|Any CPU
		{572FD846-2393-4299-8F30-AA25ACCFED45}.Debug|Any CPU.Build.0 = Debug|Any CPU
		{572FD846-2393-4299-8F30-AA25ACCFED45}.Release|Any CPU.ActiveCfg = Release|Any CPU
		{572FD846-2393-4299-8F30-AA25ACCFED45}.Release|Any CPU.Build.0 = Release|Any CPU
		{8B81AEC5-1E5D-4D43-A783-73EB0D20F685}.Debug|Any CPU.ActiveCfg = Debug|Any CPU
		{8B81AEC5-1E5D-4D43-A783-73EB0D20F685}.Debug|Any CPU.Build.0 = Debug|Any CPU
		{8B81AEC5-1E5D-4D43-A783-73EB0D20F685}.Release|Any CPU.ActiveCfg = Release|Any CPU
		{8B81AEC5-1E5D-4D43-A783-73EB0D20F685}.Release|Any CPU.Build.0 = Release|Any CPU
	EndGlobalSection
	GlobalSection(SolutionProperties) = preSolution
		HideSolutionNode = FALSE
	EndGlobalSection
	GlobalSection(ExtensibilityGlobals) = postSolution
		SolutionGuid = {C5C6B5AC-1E63-4049-8C84-950A3B350FEF}
	EndGlobalSection
EndGlobal
