
Microsoft Visual Studio Solution File, Format Version 12.00
# Visual Studio 15
VisualStudioVersion = 15.0.28010.0
MinimumVisualStudioVersion = 10.0.40219.1
Project("{FAE04EC0-301F-11D3-BF4B-00C04F79EFBC}") = "Calculator", "CalculatorTest\Calculator.csproj", "{1734501D-6D8C-4586-9C57-60FAB95D3729}"
EndProject
Project("{FAE04EC0-301F-11D3-BF4B-00C04F79EFBC}") = "Calculator.Test", "ClassLibrary1\Calculator.Test.csproj", "{6A0BAF70-DA18-4255-8C37-2D981171B2DB}"
EndProject
Project("{2150E333-8FDC-42A3-9474-1A3956D46DE8}") = "Tests", "Tests", "{29684753-C88D-41BA-9C0D-AD20EC776867}"
EndProject
Global
	GlobalSection(SolutionConfigurationPlatforms) = preSolution
		Debug|Any CPU = Debug|Any CPU
		Release|Any CPU = Release|Any CPU
	EndGlobalSection
	GlobalSection(ProjectConfigurationPlatforms) = postSolution
		{1734501D-6D8C-4586-9C57-60FAB95D3729}.Debug|Any CPU.ActiveCfg = Debug|Any CPU
		{1734501D-6D8C-4586-9C57-60FAB95D3729}.Debug|Any CPU.Build.0 = Debug|Any CPU
		{1734501D-6D8C-4586-9C57-60FAB95D3729}.Release|Any CPU.ActiveCfg = Release|Any CPU
		{1734501D-6D8C-4586-9C57-60FAB95D3729}.Release|Any CPU.Build.0 = Release|Any CPU
		{6A0BAF70-DA18-4255-8C37-2D981171B2DB}.Debug|Any CPU.ActiveCfg = Debug|Any CPU
		{6A0BAF70-DA18-4255-8C37-2D981171B2DB}.Debug|Any CPU.Build.0 = Debug|Any CPU
		{6A0BAF70-DA18-4255-8C37-2D981171B2DB}.Release|Any CPU.ActiveCfg = Release|Any CPU
		{6A0BAF70-DA18-4255-8C37-2D981171B2DB}.Release|Any CPU.Build.0 = Release|Any CPU
	EndGlobalSection
	GlobalSection(SolutionProperties) = preSolution
		HideSolutionNode = FALSE
	EndGlobalSection
	GlobalSection(NestedProjects) = preSolution
		{6A0BAF70-DA18-4255-8C37-2D981171B2DB} = {29684753-C88D-41BA-9C0D-AD20EC776867}
	EndGlobalSection
	GlobalSection(ExtensibilityGlobals) = postSolution
		SolutionGuid = {A82C5283-DF1B-4AFB-A28C-F0705DCD5782}
	EndGlobalSection
EndGlobal
