
Microsoft Visual Studio Solution File, Format Version 12.00
# Visual Studio 15
VisualStudioVersion = 15.0.28010.0
MinimumVisualStudioVersion = 10.0.40219.1
Project("{FAE04EC0-301F-11D3-BF4B-00C04F79EFBC}") = "OOPPracticeFromNet", "OOPPracticeFromNet\OOPPracticeFromNet.csproj", "{0058CA65-52FA-4245-A84B-9C3EB5778BDA}"
EndProject
Project("{FAE04EC0-301F-11D3-BF4B-00C04F79EFBC}") = "Elte2", "Elte2\Elte2.csproj", "{FD239FAE-4036-40E6-94F1-700205DFCB16}"
EndProject
Project("{FAE04EC0-301F-11D3-BF4B-00C04F79EFBC}") = "Elte3", "Elte3\Elte3.csproj", "{2053C138-4751-4E82-84B3-A882B654398C}"
EndProject
Global
	GlobalSection(SolutionConfigurationPlatforms) = preSolution
		Debug|Any CPU = Debug|Any CPU
		Release|Any CPU = Release|Any CPU
	EndGlobalSection
	GlobalSection(ProjectConfigurationPlatforms) = postSolution
		{0058CA65-52FA-4245-A84B-9C3EB5778BDA}.Debug|Any CPU.ActiveCfg = Debug|Any CPU
		{0058CA65-52FA-4245-A84B-9C3EB5778BDA}.Debug|Any CPU.Build.0 = Debug|Any CPU
		{0058CA65-52FA-4245-A84B-9C3EB5778BDA}.Release|Any CPU.ActiveCfg = Release|Any CPU
		{0058CA65-52FA-4245-A84B-9C3EB5778BDA}.Release|Any CPU.Build.0 = Release|Any CPU
		{FD239FAE-4036-40E6-94F1-700205DFCB16}.Debug|Any CPU.ActiveCfg = Debug|Any CPU
		{FD239FAE-4036-40E6-94F1-700205DFCB16}.Debug|Any CPU.Build.0 = Debug|Any CPU
		{FD239FAE-4036-40E6-94F1-700205DFCB16}.Release|Any CPU.ActiveCfg = Release|Any CPU
		{FD239FAE-4036-40E6-94F1-700205DFCB16}.Release|Any CPU.Build.0 = Release|Any CPU
		{2053C138-4751-4E82-84B3-A882B654398C}.Debug|Any CPU.ActiveCfg = Debug|Any CPU
		{2053C138-4751-4E82-84B3-A882B654398C}.Debug|Any CPU.Build.0 = Debug|Any CPU
		{2053C138-4751-4E82-84B3-A882B654398C}.Release|Any CPU.ActiveCfg = Release|Any CPU
		{2053C138-4751-4E82-84B3-A882B654398C}.Release|Any CPU.Build.0 = Release|Any CPU
	EndGlobalSection
	GlobalSection(SolutionProperties) = preSolution
		HideSolutionNode = FALSE
	EndGlobalSection
	GlobalSection(ExtensibilityGlobals) = postSolution
		SolutionGuid = {1A06109A-2C18-4077-AC60-3CDC967C330D}
	EndGlobalSection
EndGlobal
