
Microsoft Visual Studio Solution File, Format Version 12.00
# Visual Studio 15
VisualStudioVersion = 15.0.27703.2047
MinimumVisualStudioVersion = 10.0.40219.1
Project("{FAE04EC0-301F-11D3-BF4B-00C04F79EFBC}") = "CreateClass", "CreateClass\CreateClass.csproj", "{DE6C1F0B-D844-435F-8C9F-199F184EB3DF}"
EndProject
Project("{FAE04EC0-301F-11D3-BF4B-00C04F79EFBC}") = "HelloWorld", "..\..\helloworld\HelloWorld\ConsoleApp1\HelloWorld.csproj", "{E5641F87-8C5D-489A-8B06-F71ED3C034FE}"
EndProject
Project("{FAE04EC0-301F-11D3-BF4B-00C04F79EFBC}") = "ClassTest", "ClassTest\ClassTest.csproj", "{0FCFA40F-C410-47FD-B9A2-258BA734984D}"
EndProject
Project("{FAE04EC0-301F-11D3-BF4B-00C04F79EFBC}") = "TimerEvents", "TimerEvents\TimerEvents.csproj", "{BFA7DA05-1BC3-4B25-BA29-FD51147D244C}"
EndProject
Global
	GlobalSection(SolutionConfigurationPlatforms) = preSolution
		Debug|Any CPU = Debug|Any CPU
		Release|Any CPU = Release|Any CPU
	EndGlobalSection
	GlobalSection(ProjectConfigurationPlatforms) = postSolution
		{DE6C1F0B-D844-435F-8C9F-199F184EB3DF}.Debug|Any CPU.ActiveCfg = Debug|Any CPU
		{DE6C1F0B-D844-435F-8C9F-199F184EB3DF}.Debug|Any CPU.Build.0 = Debug|Any CPU
		{DE6C1F0B-D844-435F-8C9F-199F184EB3DF}.Release|Any CPU.ActiveCfg = Release|Any CPU
		{DE6C1F0B-D844-435F-8C9F-199F184EB3DF}.Release|Any CPU.Build.0 = Release|Any CPU
		{E5641F87-8C5D-489A-8B06-F71ED3C034FE}.Debug|Any CPU.ActiveCfg = Debug|Any CPU
		{E5641F87-8C5D-489A-8B06-F71ED3C034FE}.Debug|Any CPU.Build.0 = Debug|Any CPU
		{E5641F87-8C5D-489A-8B06-F71ED3C034FE}.Release|Any CPU.ActiveCfg = Release|Any CPU
		{E5641F87-8C5D-489A-8B06-F71ED3C034FE}.Release|Any CPU.Build.0 = Release|Any CPU
		{0FCFA40F-C410-47FD-B9A2-258BA734984D}.Debug|Any CPU.ActiveCfg = Debug|Any CPU
		{0FCFA40F-C410-47FD-B9A2-258BA734984D}.Debug|Any CPU.Build.0 = Debug|Any CPU
		{0FCFA40F-C410-47FD-B9A2-258BA734984D}.Release|Any CPU.ActiveCfg = Release|Any CPU
		{0FCFA40F-C410-47FD-B9A2-258BA734984D}.Release|Any CPU.Build.0 = Release|Any CPU
		{BFA7DA05-1BC3-4B25-BA29-FD51147D244C}.Debug|Any CPU.ActiveCfg = Debug|Any CPU
		{BFA7DA05-1BC3-4B25-BA29-FD51147D244C}.Debug|Any CPU.Build.0 = Debug|Any CPU
		{BFA7DA05-1BC3-4B25-BA29-FD51147D244C}.Release|Any CPU.ActiveCfg = Release|Any CPU
		{BFA7DA05-1BC3-4B25-BA29-FD51147D244C}.Release|Any CPU.Build.0 = Release|Any CPU
	EndGlobalSection
	GlobalSection(SolutionProperties) = preSolution
		HideSolutionNode = FALSE
	EndGlobalSection
	GlobalSection(ExtensibilityGlobals) = postSolution
		SolutionGuid = {6EA70D94-1068-43CA-85F6-F0CC7594C3ED}
	EndGlobalSection
EndGlobal
