
Microsoft Visual Studio Solution File, Format Version 12.00
# Visual Studio 15
VisualStudioVersion = 15.0.27703.2047
MinimumVisualStudioVersion = 10.0.40219.1
Project("{FAE04EC0-301F-11D3-BF4B-00C04F79EFBC}") = "CreateClass", "CreateClass\CreateClass.csproj", "{DE6C1F0B-D844-435F-8C9F-199F184EB3DF}"
EndProject
Project("{FAE04EC0-301F-11D3-BF4B-00C04F79EFBC}") = "HelloWorld", "..\..\helloworld\HelloWorld\ConsoleApp1\HelloWorld.csproj", "{E5641F87-8C5D-489A-8B06-F71ED3C034FE}"
EndProject
Project("{FAE04EC0-301F-11D3-BF4B-00C04F79EFBC}") = "ClassTest", "ClassTest\ClassTest.csproj", "{0FCFA40F-C410-47FD-B9A2-258BA734984D}"
EndProject
Project("{FAE04EC0-301F-11D3-BF4B-00C04F79EFBC}") = "TimerEvents", "TimerEvents\TimerEvents.csproj", "{BFA7DA05-1BC3-4B25-BA29-FD51147D244C}"
EndProject
Project("{FAE04EC0-301F-11D3-BF4B-00C04F79EFBC}") = "SortString", "SortString\SortString.csproj", "{1AC0AA07-D067-4004-AD1F-5B3A56542348}"
EndProject
Project("{FAE04EC0-301F-11D3-BF4B-00C04F79EFBC}") = "AteszOkoskodik", "AteszOkoskodik\AteszOkoskodik.csproj", "{2F43FDB3-99F8-4F2A-8746-ED2002AF8F08}"
EndProject
Project("{FAE04EC0-301F-11D3-BF4B-00C04F79EFBC}") = "SimpleCollection", "SimpleCollection\SimpleCollection.csproj", "{B0C57153-01ED-4FE1-9C2E-541595F3EAC1}"
EndProject
Project("{FAE04EC0-301F-11D3-BF4B-00C04F79EFBC}") = "FunWithDictionary", "FunWithDictionary\FunWithDictionary.csproj", "{A3BF427F-C06B-4CB3-9EBE-DA91C5262F38}"
EndProject
Project("{FAE04EC0-301F-11D3-BF4B-00C04F79EFBC}") = "Generics", "Generics\Generics.csproj", "{57FFE976-84DF-4E80-866C-B8832FA88D72}"
EndProject
Project("{FAE04EC0-301F-11D3-BF4B-00C04F79EFBC}") = "SequentialCollection", "SequentialCollection\SequentialCollection.csproj", "{7F2BBF95-D1D2-43D4-B168-86D3A91EAB40}"
EndProject
Project("{FAE04EC0-301F-11D3-BF4B-00C04F79EFBC}") = "DictionaryCollections", "DictionaryCollections\DictionaryCollections.csproj", "{C1E6DD95-EF9C-4AD8-A41A-ECD694473452}"
EndProject
Project("{FAE04EC0-301F-11D3-BF4B-00C04F79EFBC}") = "FunWithFileIO", "FunWithFileIO\FunWithFileIO.csproj", "{9D0CFB43-D2B2-4CD4-8731-A967B106353C}"
EndProject
Project("{FAE04EC0-301F-11D3-BF4B-00C04F79EFBC}") = "SeekAndArchive", "SeekAndArchive\SeekAndArchive.csproj", "{D50D0D8D-91A9-44D9-A55D-BE035CF58A2B}"
EndProject
Project("{FAE04EC0-301F-11D3-BF4B-00C04F79EFBC}") = "TreeViewPractice", "TreeViewPractice\TreeViewPractice.csproj", "{D7E43E41-AC75-4B71-B6FA-85718B432609}"
EndProject
Global
	GlobalSection(SolutionConfigurationPlatforms) = preSolution
		Debug|Any CPU = Debug|Any CPU
		Release|Any CPU = Release|Any CPU
	EndGlobalSection
	GlobalSection(ProjectConfigurationPlatforms) = postSolution
		{DE6C1F0B-D844-435F-8C9F-199F184EB3DF}.Debug|Any CPU.ActiveCfg = Debug|Any CPU
		{DE6C1F0B-D844-435F-8C9F-199F184EB3DF}.Debug|Any CPU.Build.0 = Debug|Any CPU
		{DE6C1F0B-D844-435F-8C9F-199F184EB3DF}.Release|Any CPU.ActiveCfg = Release|Any CPU
		{DE6C1F0B-D844-435F-8C9F-199F184EB3DF}.Release|Any CPU.Build.0 = Release|Any CPU
		{E5641F87-8C5D-489A-8B06-F71ED3C034FE}.Debug|Any CPU.ActiveCfg = Debug|Any CPU
		{E5641F87-8C5D-489A-8B06-F71ED3C034FE}.Debug|Any CPU.Build.0 = Debug|Any CPU
		{E5641F87-8C5D-489A-8B06-F71ED3C034FE}.Release|Any CPU.ActiveCfg = Release|Any CPU
		{E5641F87-8C5D-489A-8B06-F71ED3C034FE}.Release|Any CPU.Build.0 = Release|Any CPU
		{0FCFA40F-C410-47FD-B9A2-258BA734984D}.Debug|Any CPU.ActiveCfg = Debug|Any CPU
		{0FCFA40F-C410-47FD-B9A2-258BA734984D}.Debug|Any CPU.Build.0 = Debug|Any CPU
		{0FCFA40F-C410-47FD-B9A2-258BA734984D}.Release|Any CPU.ActiveCfg = Release|Any CPU
		{0FCFA40F-C410-47FD-B9A2-258BA734984D}.Release|Any CPU.Build.0 = Release|Any CPU
		{BFA7DA05-1BC3-4B25-BA29-FD51147D244C}.Debug|Any CPU.ActiveCfg = Debug|Any CPU
		{BFA7DA05-1BC3-4B25-BA29-FD51147D244C}.Debug|Any CPU.Build.0 = Debug|Any CPU
		{BFA7DA05-1BC3-4B25-BA29-FD51147D244C}.Release|Any CPU.ActiveCfg = Release|Any CPU
		{BFA7DA05-1BC3-4B25-BA29-FD51147D244C}.Release|Any CPU.Build.0 = Release|Any CPU
		{1AC0AA07-D067-4004-AD1F-5B3A56542348}.Debug|Any CPU.ActiveCfg = Debug|Any CPU
		{1AC0AA07-D067-4004-AD1F-5B3A56542348}.Debug|Any CPU.Build.0 = Debug|Any CPU
		{1AC0AA07-D067-4004-AD1F-5B3A56542348}.Release|Any CPU.ActiveCfg = Release|Any CPU
		{1AC0AA07-D067-4004-AD1F-5B3A56542348}.Release|Any CPU.Build.0 = Release|Any CPU
		{2F43FDB3-99F8-4F2A-8746-ED2002AF8F08}.Debug|Any CPU.ActiveCfg = Debug|Any CPU
		{2F43FDB3-99F8-4F2A-8746-ED2002AF8F08}.Debug|Any CPU.Build.0 = Debug|Any CPU
		{2F43FDB3-99F8-4F2A-8746-ED2002AF8F08}.Release|Any CPU.ActiveCfg = Release|Any CPU
		{2F43FDB3-99F8-4F2A-8746-ED2002AF8F08}.Release|Any CPU.Build.0 = Release|Any CPU
		{B0C57153-01ED-4FE1-9C2E-541595F3EAC1}.Debug|Any CPU.ActiveCfg = Debug|Any CPU
		{B0C57153-01ED-4FE1-9C2E-541595F3EAC1}.Debug|Any CPU.Build.0 = Debug|Any CPU
		{B0C57153-01ED-4FE1-9C2E-541595F3EAC1}.Release|Any CPU.ActiveCfg = Release|Any CPU
		{B0C57153-01ED-4FE1-9C2E-541595F3EAC1}.Release|Any CPU.Build.0 = Release|Any CPU
		{A3BF427F-C06B-4CB3-9EBE-DA91C5262F38}.Debug|Any CPU.ActiveCfg = Debug|Any CPU
		{A3BF427F-C06B-4CB3-9EBE-DA91C5262F38}.Debug|Any CPU.Build.0 = Debug|Any CPU
		{A3BF427F-C06B-4CB3-9EBE-DA91C5262F38}.Release|Any CPU.ActiveCfg = Release|Any CPU
		{A3BF427F-C06B-4CB3-9EBE-DA91C5262F38}.Release|Any CPU.Build.0 = Release|Any CPU
		{57FFE976-84DF-4E80-866C-B8832FA88D72}.Debug|Any CPU.ActiveCfg = Debug|Any CPU
		{57FFE976-84DF-4E80-866C-B8832FA88D72}.Debug|Any CPU.Build.0 = Debug|Any CPU
		{57FFE976-84DF-4E80-866C-B8832FA88D72}.Release|Any CPU.ActiveCfg = Release|Any CPU
		{57FFE976-84DF-4E80-866C-B8832FA88D72}.Release|Any CPU.Build.0 = Release|Any CPU
		{7F2BBF95-D1D2-43D4-B168-86D3A91EAB40}.Debug|Any CPU.ActiveCfg = Debug|Any CPU
		{7F2BBF95-D1D2-43D4-B168-86D3A91EAB40}.Debug|Any CPU.Build.0 = Debug|Any CPU
		{7F2BBF95-D1D2-43D4-B168-86D3A91EAB40}.Release|Any CPU.ActiveCfg = Release|Any CPU
		{7F2BBF95-D1D2-43D4-B168-86D3A91EAB40}.Release|Any CPU.Build.0 = Release|Any CPU
		{C1E6DD95-EF9C-4AD8-A41A-ECD694473452}.Debug|Any CPU.ActiveCfg = Debug|Any CPU
		{C1E6DD95-EF9C-4AD8-A41A-ECD694473452}.Debug|Any CPU.Build.0 = Debug|Any CPU
		{C1E6DD95-EF9C-4AD8-A41A-ECD694473452}.Release|Any CPU.ActiveCfg = Release|Any CPU
		{C1E6DD95-EF9C-4AD8-A41A-ECD694473452}.Release|Any CPU.Build.0 = Release|Any CPU
		{9D0CFB43-D2B2-4CD4-8731-A967B106353C}.Debug|Any CPU.ActiveCfg = Debug|Any CPU
		{9D0CFB43-D2B2-4CD4-8731-A967B106353C}.Debug|Any CPU.Build.0 = Debug|Any CPU
		{9D0CFB43-D2B2-4CD4-8731-A967B106353C}.Release|Any CPU.ActiveCfg = Release|Any CPU
		{9D0CFB43-D2B2-4CD4-8731-A967B106353C}.Release|Any CPU.Build.0 = Release|Any CPU
		{D50D0D8D-91A9-44D9-A55D-BE035CF58A2B}.Debug|Any CPU.ActiveCfg = Debug|Any CPU
		{D50D0D8D-91A9-44D9-A55D-BE035CF58A2B}.Debug|Any CPU.Build.0 = Debug|Any CPU
		{D50D0D8D-91A9-44D9-A55D-BE035CF58A2B}.Release|Any CPU.ActiveCfg = Release|Any CPU
		{D50D0D8D-91A9-44D9-A55D-BE035CF58A2B}.Release|Any CPU.Build.0 = Release|Any CPU
		{D7E43E41-AC75-4B71-B6FA-85718B432609}.Debug|Any CPU.ActiveCfg = Debug|Any CPU
		{D7E43E41-AC75-4B71-B6FA-85718B432609}.Debug|Any CPU.Build.0 = Debug|Any CPU
		{D7E43E41-AC75-4B71-B6FA-85718B432609}.Release|Any CPU.ActiveCfg = Release|Any CPU
		{D7E43E41-AC75-4B71-B6FA-85718B432609}.Release|Any CPU.Build.0 = Release|Any CPU
	EndGlobalSection
	GlobalSection(SolutionProperties) = preSolution
		HideSolutionNode = FALSE
	EndGlobalSection
	GlobalSection(ExtensibilityGlobals) = postSolution
		SolutionGuid = {6EA70D94-1068-43CA-85F6-F0CC7594C3ED}
	EndGlobalSection
EndGlobal
