
Microsoft Visual Studio Solution File, Format Version 12.00
# Visual Studio 15
VisualStudioVersion = 15.0.28010.0
MinimumVisualStudioVersion = 10.0.40219.1
Project("{FAE04EC0-301F-11D3-BF4B-00C04F79EFBC}") = "AssemblyNamespace", "AssemblyNamespace\AssemblyNamespace.csproj", "{196FB56A-170A-4283-8149-172A68D8C7FF}"
EndProject
Global
	GlobalSection(SolutionConfigurationPlatforms) = preSolution
		Debug|Any CPU = Debug|Any CPU
		Release|Any CPU = Release|Any CPU
	EndGlobalSection
	GlobalSection(ProjectConfigurationPlatforms) = postSolution
		{196FB56A-170A-4283-8149-172A68D8C7FF}.Debug|Any CPU.ActiveCfg = Debug|Any CPU
		{196FB56A-170A-4283-8149-172A68D8C7FF}.Debug|Any CPU.Build.0 = Debug|Any CPU
		{196FB56A-170A-4283-8149-172A68D8C7FF}.Release|Any CPU.ActiveCfg = Release|Any CPU
		{196FB56A-170A-4283-8149-172A68D8C7FF}.Release|Any CPU.Build.0 = Release|Any CPU
	EndGlobalSection
	GlobalSection(SolutionProperties) = preSolution
		HideSolutionNode = FALSE
	EndGlobalSection
	GlobalSection(ExtensibilityGlobals) = postSolution
		SolutionGuid = {DFE484B2-600E-4750-9BCF-D3EFF009019D}
	EndGlobalSection
EndGlobal
